// !$*UTF8*$!
{
	archiveVersion = 1;
	classes = {
	};
	objectVersion = 46;
	objects = {

/* Begin PBXBuildFile section */
		C6C1A2A51A647A2E0094AF29 /* main.m in Sources */ = {isa = PBXBuildFile; fileRef = C6C1A2A41A647A2E0094AF29 /* main.m */; };
		C6C1A2A81A647A2E0094AF29 /* AppDelegate.m in Sources */ = {isa = PBXBuildFile; fileRef = C6C1A2A71A647A2E0094AF29 /* AppDelegate.m */; };
		C6C1A2AB1A647A2E0094AF29 /* ViewController.m in Sources */ = {isa = PBXBuildFile; fileRef = C6C1A2AA1A647A2E0094AF29 /* ViewController.m */; };
		C6C1A2AE1A647A2E0094AF29 /* Main.storyboard in Resources */ = {isa = PBXBuildFile; fileRef = C6C1A2AC1A647A2E0094AF29 /* Main.storyboard */; };
		C6C1A2B01A647A2E0094AF29 /* Images.xcassets in Resources */ = {isa = PBXBuildFile; fileRef = C6C1A2AF1A647A2E0094AF29 /* Images.xcassets */; };
		C6C1A2B31A647A2E0094AF29 /* LaunchScreen.xib in Resources */ = {isa = PBXBuildFile; fileRef = C6C1A2B11A647A2E0094AF29 /* LaunchScreen.xib */; };
		C6C1A2BF1A647A2E0094AF29 /* BlocQueryTests.m in Sources */ = {isa = PBXBuildFile; fileRef = C6C1A2BE1A647A2E0094AF29 /* BlocQueryTests.m */; };
/* End PBXBuildFile section */

/* Begin PBXContainerItemProxy section */
		C6C1A2B91A647A2E0094AF29 /* PBXContainerItemProxy */ = {
			isa = PBXContainerItemProxy;
			containerPortal = C6C1A2971A647A2E0094AF29 /* Project object */;
			proxyType = 1;
			remoteGlobalIDString = C6C1A29E1A647A2E0094AF29;
			remoteInfo = BlocQuery;
		};
/* End PBXContainerItemProxy section */

/* Begin PBXFileReference section */
		C6C1A29F1A647A2E0094AF29 /* BlocQuery.app */ = {isa = PBXFileReference; explicitFileType = wrapper.application; includeInIndex = 0; path = BlocQuery.app; sourceTree = BUILT_PRODUCTS_DIR; };
		C6C1A2A31A647A2E0094AF29 /* Info.plist */ = {isa = PBXFileReference; lastKnownFileType = text.plist.xml; path = Info.plist; sourceTree = "<group>"; };
		C6C1A2A41A647A2E0094AF29 /* main.m */ = {isa = PBXFileReference; lastKnownFileType = sourcecode.c.objc; path = main.m; sourceTree = "<group>"; };
		C6C1A2A61A647A2E0094AF29 /* AppDelegate.h */ = {isa = PBXFileReference; lastKnownFileType = sourcecode.c.h; path = AppDelegate.h; sourceTree = "<group>"; };
		C6C1A2A71A647A2E0094AF29 /* AppDelegate.m */ = {isa = PBXFileReference; lastKnownFileType = sourcecode.c.objc; path = AppDelegate.m; sourceTree = "<group>"; };
		C6C1A2A91A647A2E0094AF29 /* ViewController.h */ = {isa = PBXFileReference; lastKnownFileType = sourcecode.c.h; path = ViewController.h; sourceTree = "<group>"; };
		C6C1A2AA1A647A2E0094AF29 /* ViewController.m */ = {isa = PBXFileReference; lastKnownFileType = sourcecode.c.objc; path = ViewController.m; sourceTree = "<group>"; };
		C6C1A2AD1A647A2E0094AF29 /* Base */ = {isa = PBXFileReference; lastKnownFileType = file.storyboard; name = Base; path = Base.lproj/Main.storyboard; sourceTree = "<group>"; };
		C6C1A2AF1A647A2E0094AF29 /* Images.xcassets */ = {isa = PBXFileReference; lastKnownFileType = folder.assetcatalog; path = Images.xcassets; sourceTree = "<group>"; };
		C6C1A2B21A647A2E0094AF29 /* Base */ = {isa = PBXFileReference; lastKnownFileType = file.xib; name = Base; path = Base.lproj/LaunchScreen.xib; sourceTree = "<group>"; };
		C6C1A2B81A647A2E0094AF29 /* BlocQueryTests.xctest */ = {isa = PBXFileReference; explicitFileType = wrapper.cfbundle; includeInIndex = 0; path = BlocQueryTests.xctest; sourceTree = BUILT_PRODUCTS_DIR; };
		C6C1A2BD1A647A2E0094AF29 /* Info.plist */ = {isa = PBXFileReference; lastKnownFileType = text.plist.xml; path = Info.plist; sourceTree = "<group>"; };
		C6C1A2BE1A647A2E0094AF29 /* BlocQueryTests.m */ = {isa = PBXFileReference; lastKnownFileType = sourcecode.c.objc; path = BlocQueryTests.m; sourceTree = "<group>"; };
/* End PBXFileReference section */

/* Begin PBXFrameworksBuildPhase section */
		C6C1A29C1A647A2E0094AF29 /* Frameworks */ = {
			isa = PBXFrameworksBuildPhase;
			buildActionMask = 2147483647;
			files = (
			);
			runOnlyForDeploymentPostprocessing = 0;
		};
		C6C1A2B51A647A2E0094AF29 /* Frameworks */ = {
			isa = PBXFrameworksBuildPhase;
			buildActionMask = 2147483647;
			files = (
			);
			runOnlyForDeploymentPostprocessing = 0;
		};
/* End PBXFrameworksBuildPhase section */

/* Begin PBXGroup section */
		C6C1A2961A647A2E0094AF29 = {
			isa = PBXGroup;
			children = (
				C6C1A2A11A647A2E0094AF29 /* BlocQuery */,
				C6C1A2BB1A647A2E0094AF29 /* BlocQueryTests */,
				C6C1A2A01A647A2E0094AF29 /* Products */,
			);
			sourceTree = "<group>";
		};
		C6C1A2A01A647A2E0094AF29 /* Products */ = {
			isa = PBXGroup;
			children = (
				C6C1A29F1A647A2E0094AF29 /* BlocQuery.app */,
				C6C1A2B81A647A2E0094AF29 /* BlocQueryTests.xctest */,
			);
			name = Products;
			sourceTree = "<group>";
		};
		C6C1A2A11A647A2E0094AF29 /* BlocQuery */ = {
			isa = PBXGroup;
			children = (
				C6C1A2A61A647A2E0094AF29 /* AppDelegate.h */,
				C6C1A2A71A647A2E0094AF29 /* AppDelegate.m */,
				C6C1A2A91A647A2E0094AF29 /* ViewController.h */,
				C6C1A2AA1A647A2E0094AF29 /* ViewController.m */,
				C6C1A2AC1A647A2E0094AF29 /* Main.storyboard */,
				C6C1A2AF1A647A2E0094AF29 /* Images.xcassets */,
				C6C1A2B11A647A2E0094AF29 /* LaunchScreen.xib */,
				C6C1A2A21A647A2E0094AF29 /* Supporting Files */,
			);
			path = BlocQuery;
			sourceTree = "<group>";
		};
		C6C1A2A21A647A2E0094AF29 /* Supporting Files */ = {
			isa = PBXGroup;
			children = (
				C6C1A2A31A647A2E0094AF29 /* Info.plist */,
				C6C1A2A41A647A2E0094AF29 /* main.m */,
			);
			name = "Supporting Files";
			sourceTree = "<group>";
		};
		C6C1A2BB1A647A2E0094AF29 /* BlocQueryTests */ = {
			isa = PBXGroup;
			children = (
				C6C1A2BE1A647A2E0094AF29 /* BlocQueryTests.m */,
				C6C1A2BC1A647A2E0094AF29 /* Supporting Files */,
			);
			path = BlocQueryTests;
			sourceTree = "<group>";
		};
		C6C1A2BC1A647A2E0094AF29 /* Supporting Files */ = {
			isa = PBXGroup;
			children = (
				C6C1A2BD1A647A2E0094AF29 /* Info.plist */,
			);
			name = "Supporting Files";
			sourceTree = "<group>";
		};
/* End PBXGroup section */

/* Begin PBXNativeTarget section */
		C6C1A29E1A647A2E0094AF29 /* BlocQuery */ = {
			isa = PBXNativeTarget;
			buildConfigurationList = C6C1A2C21A647A2E0094AF29 /* Build configuration list for PBXNativeTarget "BlocQuery" */;
			buildPhases = (
				C6C1A29B1A647A2E0094AF29 /* Sources */,
				C6C1A29C1A647A2E0094AF29 /* Frameworks */,
				C6C1A29D1A647A2E0094AF29 /* Resources */,
			);
			buildRules = (
			);
			dependencies = (
			);
			name = BlocQuery;
			productName = BlocQuery;
			productReference = C6C1A29F1A647A2E0094AF29 /* BlocQuery.app */;
			productType = "com.apple.product-type.application";
		};
		C6C1A2B71A647A2E0094AF29 /* BlocQueryTests */ = {
			isa = PBXNativeTarget;
			buildConfigurationList = C6C1A2C51A647A2E0094AF29 /* Build configuration list for PBXNativeTarget "BlocQueryTests" */;
			buildPhases = (
				C6C1A2B41A647A2E0094AF29 /* Sources */,
				C6C1A2B51A647A2E0094AF29 /* Frameworks */,
				C6C1A2B61A647A2E0094AF29 /* Resources */,
			);
			buildRules = (
			);
			dependencies = (
				C6C1A2BA1A647A2E0094AF29 /* PBXTargetDependency */,
			);
			name = BlocQueryTests;
			productName = BlocQueryTests;
			productReference = C6C1A2B81A647A2E0094AF29 /* BlocQueryTests.xctest */;
			productType = "com.apple.product-type.bundle.unit-test";
		};
/* End PBXNativeTarget section */

/* Begin PBXProject section */
		C6C1A2971A647A2E0094AF29 /* Project object */ = {
			isa = PBXProject;
			attributes = {
				LastUpgradeCheck = 0610;
				ORGANIZATIONNAME = "Steve Palley";
				TargetAttributes = {
					C6C1A29E1A647A2E0094AF29 = {
						CreatedOnToolsVersion = 6.1.1;
					};
					C6C1A2B71A647A2E0094AF29 = {
						CreatedOnToolsVersion = 6.1.1;
						TestTargetID = C6C1A29E1A647A2E0094AF29;
					};
				};
			};
			buildConfigurationList = C6C1A29A1A647A2E0094AF29 /* Build configuration list for PBXProject "BlocQuery" */;
			compatibilityVersion = "Xcode 3.2";
			developmentRegion = English;
			hasScannedForEncodings = 0;
			knownRegions = (
				en,
				Base,
			);
			mainGroup = C6C1A2961A647A2E0094AF29;
			productRefGroup = C6C1A2A01A647A2E0094AF29 /* Products */;
			projectDirPath = "";
			projectRoot = "";
			targets = (
				C6C1A29E1A647A2E0094AF29 /* BlocQuery */,
				C6C1A2B71A647A2E0094AF29 /* BlocQueryTests */,
			);
		};
/* End PBXProject section */

/* Begin PBXResourcesBuildPhase section */
		C6C1A29D1A647A2E0094AF29 /* Resources */ = {
			isa = PBXResourcesBuildPhase;
			buildActionMask = 2147483647;
			files = (
				C6C1A2AE1A647A2E0094AF29 /* Main.storyboard in Resources */,
				C6C1A2B31A647A2E0094AF29 /* LaunchScreen.xib in Resources */,
				C6C1A2B01A647A2E0094AF29 /* Images.xcassets in Resources */,
			);
			runOnlyForDeploymentPostprocessing = 0;
		};
		C6C1A2B61A647A2E0094AF29 /* Resources */ = {
			isa = PBXResourcesBuildPhase;
			buildActionMask = 2147483647;
			files = (
			);
			runOnlyForDeploymentPostprocessing = 0;
		};
/* End PBXResourcesBuildPhase section */

/* Begin PBXSourcesBuildPhase section */
		C6C1A29B1A647A2E0094AF29 /* Sources */ = {
			isa = PBXSourcesBuildPhase;
			buildActionMask = 2147483647;
			files = (
				C6C1A2AB1A647A2E0094AF29 /* ViewController.m in Sources */,
				C6C1A2A81A647A2E0094AF29 /* AppDelegate.m in Sources */,
				C6C1A2A51A647A2E0094AF29 /* main.m in Sources */,
			);
			runOnlyForDeploymentPostprocessing = 0;
		};
		C6C1A2B41A647A2E0094AF29 /* Sources */ = {
			isa = PBXSourcesBuildPhase;
			buildActionMask = 2147483647;
			files = (
				C6C1A2BF1A647A2E0094AF29 /* BlocQueryTests.m in Sources */,
			);
			runOnlyForDeploymentPostprocessing = 0;
		};
/* End PBXSourcesBuildPhase section */

/* Begin PBXTargetDependency section */
		C6C1A2BA1A647A2E0094AF29 /* PBXTargetDependency */ = {
			isa = PBXTargetDependency;
			target = C6C1A29E1A647A2E0094AF29 /* BlocQuery */;
			targetProxy = C6C1A2B91A647A2E0094AF29 /* PBXContainerItemProxy */;
		};
/* End PBXTargetDependency section */

/* Begin PBXVariantGroup section */
		C6C1A2AC1A647A2E0094AF29 /* Main.storyboard */ = {
			isa = PBXVariantGroup;
			children = (
				C6C1A2AD1A647A2E0094AF29 /* Base */,
			);
			name = Main.storyboard;
			sourceTree = "<group>";
		};
		C6C1A2B11A647A2E0094AF29 /* LaunchScreen.xib */ = {
			isa = PBXVariantGroup;
			children = (
				C6C1A2B21A647A2E0094AF29 /* Base */,
			);
			name = LaunchScreen.xib;
			sourceTree = "<group>";
		};
/* End PBXVariantGroup section */

/* Begin XCBuildConfiguration section */
		C6C1A2C01A647A2E0094AF29 /* Debug */ = {
			isa = XCBuildConfiguration;
			buildSettings = {
				ALWAYS_SEARCH_USER_PATHS = NO;
				CLANG_CXX_LANGUAGE_STANDARD = "gnu++0x";
				CLANG_CXX_LIBRARY = "libc++";
				CLANG_ENABLE_MODULES = YES;
				CLANG_ENABLE_OBJC_ARC = YES;
				CLANG_WARN_BOOL_CONVERSION = YES;
				CLANG_WARN_CONSTANT_CONVERSION = YES;
				CLANG_WARN_DIRECT_OBJC_ISA_USAGE = YES_ERROR;
				CLANG_WARN_EMPTY_BODY = YES;
				CLANG_WARN_ENUM_CONVERSION = YES;
				CLANG_WARN_INT_CONVERSION = YES;
				CLANG_WARN_OBJC_ROOT_CLASS = YES_ERROR;
				CLANG_WARN_UNREACHABLE_CODE = YES;
				CLANG_WARN__DUPLICATE_METHOD_MATCH = YES;
				"CODE_SIGN_IDENTITY[sdk=iphoneos*]" = "iPhone Developer";
				COPY_PHASE_STRIP = NO;
				ENABLE_STRICT_OBJC_MSGSEND = YES;
				GCC_C_LANGUAGE_STANDARD = gnu99;
				GCC_DYNAMIC_NO_PIC = NO;
				GCC_OPTIMIZATION_LEVEL = 0;
				GCC_PREPROCESSOR_DEFINITIONS = (
					"DEBUG=1",
					"$(inherited)",
				);
				GCC_SYMBOLS_PRIVATE_EXTERN = NO;
				GCC_WARN_64_TO_32_BIT_CONVERSION = YES;
				GCC_WARN_ABOUT_RETURN_TYPE = YES_ERROR;
				GCC_WARN_UNDECLARED_SELECTOR = YES;
				GCC_WARN_UNINITIALIZED_AUTOS = YES_AGGRESSIVE;
				GCC_WARN_UNUSED_FUNCTION = YES;
				GCC_WARN_UNUSED_VARIABLE = YES;
				IPHONEOS_DEPLOYMENT_TARGET = 8.1;
				MTL_ENABLE_DEBUG_INFO = YES;
				ONLY_ACTIVE_ARCH = YES;
				SDKROOT = iphoneos;
				TARGETED_DEVICE_FAMILY = "1,2";
			};
			name = Debug;
		};
		C6C1A2C11A647A2E0094AF29 /* Release */ = {
			isa = XCBuildConfiguration;
			buildSettings = {
				ALWAYS_SEARCH_USER_PATHS = NO;
				CLANG_CXX_LANGUAGE_STANDARD = "gnu++0x";
				CLANG_CXX_LIBRARY = "libc++";
				CLANG_ENABLE_MODULES = YES;
				CLANG_ENABLE_OBJC_ARC = YES;
				CLANG_WARN_BOOL_CONVERSION = YES;
				CLANG_WARN_CONSTANT_CONVERSION = YES;
				CLANG_WARN_DIRECT_OBJC_ISA_USAGE = YES_ERROR;
				CLANG_WARN_EMPTY_BODY = YES;
				CLANG_WARN_ENUM_CONVERSION = YES;
				CLANG_WARN_INT_CONVERSION = YES;
				CLANG_WARN_OBJC_ROOT_CLASS = YES_ERROR;
				CLANG_WARN_UNREACHABLE_CODE = YES;
				CLANG_WARN__DUPLICATE_METHOD_MATCH = YES;
				"CODE_SIGN_IDENTITY[sdk=iphoneos*]" = "iPhone Developer";
				COPY_PHASE_STRIP = YES;
				ENABLE_NS_ASSERTIONS = NO;
				ENABLE_STRICT_OBJC_MSGSEND = YES;
				GCC_C_LANGUAGE_STANDARD = gnu99;
				GCC_WARN_64_TO_32_BIT_CONVERSION = YES;
				GCC_WARN_ABOUT_RETURN_TYPE = YES_ERROR;
				GCC_WARN_UNDECLARED_SELECTOR = YES;
				GCC_WARN_UNINITIALIZED_AUTOS = YES_AGGRESSIVE;
				GCC_WARN_UNUSED_FUNCTION = YES;
				GCC_WARN_UNUSED_VARIABLE = YES;
				IPHONEOS_DEPLOYMENT_TARGET = 8.1;
				MTL_ENABLE_DEBUG_INFO = NO;
				SDKROOT = iphoneos;
				TARGETED_DEVICE_FAMILY = "1,2";
				VALIDATE_PRODUCT = YES;
			};
			name = Release;
		};
		C6C1A2C31A647A2E0094AF29 /* Debug */ = {
			isa = XCBuildConfiguration;
			buildSettings = {
				ASSETCATALOG_COMPILER_APPICON_NAME = AppIcon;
				INFOPLIST_FILE = BlocQuery/Info.plist;
				LD_RUNPATH_SEARCH_PATHS = "$(inherited) @executable_path/Frameworks";
				PRODUCT_NAME = "$(TARGET_NAME)";
			};
			name = Debug;
		};
		C6C1A2C41A647A2E0094AF29 /* Release */ = {
			isa = XCBuildConfiguration;
			buildSettings = {
				ASSETCATALOG_COMPILER_APPICON_NAME = AppIcon;
				INFOPLIST_FILE = BlocQuery/Info.plist;
				LD_RUNPATH_SEARCH_PATHS = "$(inherited) @executable_path/Frameworks";
				PRODUCT_NAME = "$(TARGET_NAME)";
			};
			name = Release;
		};
		C6C1A2C61A647A2E0094AF29 /* Debug */ = {
			isa = XCBuildConfiguration;
			buildSettings = {
				BUNDLE_LOADER = "$(TEST_HOST)";
				FRAMEWORK_SEARCH_PATHS = (
					"$(SDKROOT)/Developer/Library/Frameworks",
					"$(inherited)",
				);
				GCC_PREPROCESSOR_DEFINITIONS = (
					"DEBUG=1",
					"$(inherited)",
				);
				INFOPLIST_FILE = BlocQueryTests/Info.plist;
				LD_RUNPATH_SEARCH_PATHS = "$(inherited) @executable_path/Frameworks @loader_path/Frameworks";
				PRODUCT_NAME = "$(TARGET_NAME)";
				TEST_HOST = "$(BUILT_PRODUCTS_DIR)/BlocQuery.app/BlocQuery";
			};
			name = Debug;
		};
		C6C1A2C71A647A2E0094AF29 /* Release */ = {
			isa = XCBuildConfiguration;
			buildSettings = {
				BUNDLE_LOADER = "$(TEST_HOST)";
				FRAMEWORK_SEARCH_PATHS = (
					"$(SDKROOT)/Developer/Library/Frameworks",
					"$(inherited)",
				);
				INFOPLIST_FILE = BlocQueryTests/Info.plist;
				LD_RUNPATH_SEARCH_PATHS = "$(inherited) @executable_path/Frameworks @loader_path/Frameworks";
				PRODUCT_NAME = "$(TARGET_NAME)";
				TEST_HOST = "$(BUILT_PRODUCTS_DIR)/BlocQuery.app/BlocQuery";
			};
			name = Release;
		};
/* End XCBuildConfiguration section */

/* Begin XCConfigurationList section */
		C6C1A29A1A647A2E0094AF29 /* Build configuration list for PBXProject "BlocQuery" */ = {
			isa = XCConfigurationList;
			buildConfigurations = (
				C6C1A2C01A647A2E0094AF29 /* Debug */,
				C6C1A2C11A647A2E0094AF29 /* Release */,
			);
			defaultConfigurationIsVisible = 0;
			defaultConfigurationName = Release;
		};
		C6C1A2C21A647A2E0094AF29 /* Build configuration list for PBXNativeTarget "BlocQuery" */ = {
			isa = XCConfigurationList;
			buildConfigurations = (
				C6C1A2C31A647A2E0094AF29 /* Debug */,
				C6C1A2C41A647A2E0094AF29 /* Release */,
			);
			defaultConfigurationIsVisible = 0;
		};
		C6C1A2C51A647A2E0094AF29 /* Build configuration list for PBXNativeTarget "BlocQueryTests" */ = {
			isa = XCConfigurationList;
			buildConfigurations = (
				C6C1A2C61A647A2E0094AF29 /* Debug */,
				C6C1A2C71A647A2E0094AF29 /* Release */,
			);
			defaultConfigurationIsVisible = 0;
		};
/* End XCConfigurationList section */
	};
	rootObject = C6C1A2971A647A2E0094AF29 /* Project object */;
}
